
Microsoft Visual Studio Solution File, Format Version 12.00
# Visual Studio Version 16
VisualStudioVersion = 16.0.29709.97
MinimumVisualStudioVersion = 10.0.40219.1
Project("{FAE04EC0-301F-11D3-BF4B-00C04F79EFBC}") = "SeaChess.UWP", "SeaChess\SeaChess.UWP\SeaChess.UWP.csproj", "{F6EB41AC-F506-4CAC-AEB1-C93A896FC533}"
EndProject
Project("{FAE04EC0-301F-11D3-BF4B-00C04F79EFBC}") = "SeaChess.Android", "SeaChess\SeaChess.Android\SeaChess.Android.csproj", "{393587C2-040F-48AF-AC2E-AA5960CDD248}"
EndProject
Project("{FAE04EC0-301F-11D3-BF4B-00C04F79EFBC}") = "SeaChess.iOS", "SeaChess\SeaChess.iOS\SeaChess.iOS.csproj", "{A8AAC635-9DB7-45B7-BA5E-BF3E7977D7F3}"
EndProject
Project("{FAE04EC0-301F-11D3-BF4B-00C04F79EFBC}") = "SeaChess", "SeaChess\SeaChess\SeaChess.csproj", "{0D92DCBB-7145-4B85-94D9-7FEB54032A53}"
EndProject
Global
	GlobalSection(SolutionConfigurationPlatforms) = preSolution
		Debug|Any CPU = Debug|Any CPU
		Debug|ARM = Debug|ARM
		Debug|iPhone = Debug|iPhone
		Debug|iPhoneSimulator = Debug|iPhoneSimulator
		Debug|x64 = Debug|x64
		Debug|x86 = Debug|x86
		Release|Any CPU = Release|Any CPU
		Release|ARM = Release|ARM
		Release|iPhone = Release|iPhone
		Release|iPhoneSimulator = Release|iPhoneSimulator
		Release|x64 = Release|x64
		Release|x86 = Release|x86
	EndGlobalSection
	GlobalSection(ProjectConfigurationPlatforms) = postSolution
		{F6EB41AC-F506-4CAC-AEB1-C93A896FC533}.Debug|Any CPU.ActiveCfg = Debug|x86
		{F6EB41AC-F506-4CAC-AEB1-C93A896FC533}.Debug|Any CPU.Build.0 = Debug|x86
		{F6EB41AC-F506-4CAC-AEB1-C93A896FC533}.Debug|Any CPU.Deploy.0 = Debug|x86
		{F6EB41AC-F506-4CAC-AEB1-C93A896FC533}.Debug|ARM.ActiveCfg = Debug|ARM
		{F6EB41AC-F506-4CAC-AEB1-C93A896FC533}.Debug|ARM.Build.0 = Debug|ARM
		{F6EB41AC-F506-4CAC-AEB1-C93A896FC533}.Debug|ARM.Deploy.0 = Debug|ARM
		{F6EB41AC-F506-4CAC-AEB1-C93A896FC533}.Debug|iPhone.ActiveCfg = Debug|x86
		{F6EB41AC-F506-4CAC-AEB1-C93A896FC533}.Debug|iPhone.Build.0 = Debug|x86
		{F6EB41AC-F506-4CAC-AEB1-C93A896FC533}.Debug|iPhone.Deploy.0 = Debug|x86
		{F6EB41AC-F506-4CAC-AEB1-C93A896FC533}.Debug|iPhoneSimulator.ActiveCfg = Debug|x86
		{F6EB41AC-F506-4CAC-AEB1-C93A896FC533}.Debug|iPhoneSimulator.Build.0 = Debug|x86
		{F6EB41AC-F506-4CAC-AEB1-C93A896FC533}.Debug|iPhoneSimulator.Deploy.0 = Debug|x86
		{F6EB41AC-F506-4CAC-AEB1-C93A896FC533}.Debug|x64.ActiveCfg = Debug|x64
		{F6EB41AC-F506-4CAC-AEB1-C93A896FC533}.Debug|x64.Build.0 = Debug|x64
		{F6EB41AC-F506-4CAC-AEB1-C93A896FC533}.Debug|x64.Deploy.0 = Debug|x64
		{F6EB41AC-F506-4CAC-AEB1-C93A896FC533}.Debug|x86.ActiveCfg = Debug|x86
		{F6EB41AC-F506-4CAC-AEB1-C93A896FC533}.Debug|x86.Build.0 = Debug|x86
		{F6EB41AC-F506-4CAC-AEB1-C93A896FC533}.Debug|x86.Deploy.0 = Debug|x86
		{F6EB41AC-F506-4CAC-AEB1-C93A896FC533}.Release|Any CPU.ActiveCfg = Release|x86
		{F6EB41AC-F506-4CAC-AEB1-C93A896FC533}.Release|Any CPU.Build.0 = Release|x86
		{F6EB41AC-F506-4CAC-AEB1-C93A896FC533}.Release|Any CPU.Deploy.0 = Release|x86
		{F6EB41AC-F506-4CAC-AEB1-C93A896FC533}.Release|ARM.ActiveCfg = Release|ARM
		{F6EB41AC-F506-4CAC-AEB1-C93A896FC533}.Release|ARM.Build.0 = Release|ARM
		{F6EB41AC-F506-4CAC-AEB1-C93A896FC533}.Release|ARM.Deploy.0 = Release|ARM
		{F6EB41AC-F506-4CAC-AEB1-C93A896FC533}.Release|iPhone.ActiveCfg = Release|x86
		{F6EB41AC-F506-4CAC-AEB1-C93A896FC533}.Release|iPhone.Build.0 = Release|x86
		{F6EB41AC-F506-4CAC-AEB1-C93A896FC533}.Release|iPhone.Deploy.0 = Release|x86
		{F6EB41AC-F506-4CAC-AEB1-C93A896FC533}.Release|iPhoneSimulator.ActiveCfg = Release|x86
		{F6EB41AC-F506-4CAC-AEB1-C93A896FC533}.Release|iPhoneSimulator.Build.0 = Release|x86
		{F6EB41AC-F506-4CAC-AEB1-C93A896FC533}.Release|iPhoneSimulator.Deploy.0 = Release|x86
		{F6EB41AC-F506-4CAC-AEB1-C93A896FC533}.Release|x64.ActiveCfg = Release|x64
		{F6EB41AC-F506-4CAC-AEB1-C93A896FC533}.Release|x64.Build.0 = Release|x64
		{F6EB41AC-F506-4CAC-AEB1-C93A896FC533}.Release|x64.Deploy.0 = Release|x64
		{F6EB41AC-F506-4CAC-AEB1-C93A896FC533}.Release|x86.ActiveCfg = Release|x86
		{F6EB41AC-F506-4CAC-AEB1-C93A896FC533}.Release|x86.Build.0 = Release|x86
		{F6EB41AC-F506-4CAC-AEB1-C93A896FC533}.Release|x86.Deploy.0 = Release|x86
		{393587C2-040F-48AF-AC2E-AA5960CDD248}.Debug|Any CPU.ActiveCfg = Debug|Any CPU
		{393587C2-040F-48AF-AC2E-AA5960CDD248}.Debug|Any CPU.Build.0 = Debug|Any CPU
		{393587C2-040F-48AF-AC2E-AA5960CDD248}.Debug|Any CPU.Deploy.0 = Debug|Any CPU
		{393587C2-040F-48AF-AC2E-AA5960CDD248}.Debug|ARM.ActiveCfg = Debug|Any CPU
		{393587C2-040F-48AF-AC2E-AA5960CDD248}.Debug|ARM.Build.0 = Debug|Any CPU
		{393587C2-040F-48AF-AC2E-AA5960CDD248}.Debug|ARM.Deploy.0 = Debug|Any CPU
		{393587C2-040F-48AF-AC2E-AA5960CDD248}.Debug|iPhone.ActiveCfg = Debug|Any CPU
		{393587C2-040F-48AF-AC2E-AA5960CDD248}.Debug|iPhone.Build.0 = Debug|Any CPU
		{393587C2-040F-48AF-AC2E-AA5960CDD248}.Debug|iPhone.Deploy.0 = Debug|Any CPU
		{393587C2-040F-48AF-AC2E-AA5960CDD248}.Debug|iPhoneSimulator.ActiveCfg = Debug|Any CPU
		{393587C2-040F-48AF-AC2E-AA5960CDD248}.Debug|iPhoneSimulator.Build.0 = Debug|Any CPU
		{393587C2-040F-48AF-AC2E-AA5960CDD248}.Debug|iPhoneSimulator.Deploy.0 = Debug|Any CPU
		{393587C2-040F-48AF-AC2E-AA5960CDD248}.Debug|x64.ActiveCfg = Debug|Any CPU
		{393587C2-040F-48AF-AC2E-AA5960CDD248}.Debug|x64.Build.0 = Debug|Any CPU
		{393587C2-040F-48AF-AC2E-AA5960CDD248}.Debug|x64.Deploy.0 = Debug|Any CPU
		{393587C2-040F-48AF-AC2E-AA5960CDD248}.Debug|x86.ActiveCfg = Debug|Any CPU
		{393587C2-040F-48AF-AC2E-AA5960CDD248}.Debug|x86.Build.0 = Debug|Any CPU
		{393587C2-040F-48AF-AC2E-AA5960CDD248}.Debug|x86.Deploy.0 = Debug|Any CPU
		{393587C2-040F-48AF-AC2E-AA5960CDD248}.Release|Any CPU.ActiveCfg = Release|Any CPU
		{393587C2-040F-48AF-AC2E-AA5960CDD248}.Release|Any CPU.Build.0 = Release|Any CPU
		{393587C2-040F-48AF-AC2E-AA5960CDD248}.Release|Any CPU.Deploy.0 = Release|Any CPU
		{393587C2-040F-48AF-AC2E-AA5960CDD248}.Release|ARM.ActiveCfg = Release|Any CPU
		{393587C2-040F-48AF-AC2E-AA5960CDD248}.Release|ARM.Build.0 = Release|Any CPU
		{393587C2-040F-48AF-AC2E-AA5960CDD248}.Release|ARM.Deploy.0 = Release|Any CPU
		{393587C2-040F-48AF-AC2E-AA5960CDD248}.Release|iPhone.ActiveCfg = Release|Any CPU
		{393587C2-040F-48AF-AC2E-AA5960CDD248}.Release|iPhone.Build.0 = Release|Any CPU
		{393587C2-040F-48AF-AC2E-AA5960CDD248}.Release|iPhone.Deploy.0 = Release|Any CPU
		{393587C2-040F-48AF-AC2E-AA5960CDD248}.Release|iPhoneSimulator.ActiveCfg = Release|Any CPU
		{393587C2-040F-48AF-AC2E-AA5960CDD248}.Release|iPhoneSimulator.Build.0 = Release|Any CPU
		{393587C2-040F-48AF-AC2E-AA5960CDD248}.Release|iPhoneSimulator.Deploy.0 = Release|Any CPU
		{393587C2-040F-48AF-AC2E-AA5960CDD248}.Release|x64.ActiveCfg = Release|Any CPU
		{393587C2-040F-48AF-AC2E-AA5960CDD248}.Release|x64.Build.0 = Release|Any CPU
		{393587C2-040F-48AF-AC2E-AA5960CDD248}.Release|x64.Deploy.0 = Release|Any CPU
		{393587C2-040F-48AF-AC2E-AA5960CDD248}.Release|x86.ActiveCfg = Release|Any CPU
		{393587C2-040F-48AF-AC2E-AA5960CDD248}.Release|x86.Build.0 = Release|Any CPU
		{393587C2-040F-48AF-AC2E-AA5960CDD248}.Release|x86.Deploy.0 = Release|Any CPU
		{A8AAC635-9DB7-45B7-BA5E-BF3E7977D7F3}.Debug|Any CPU.ActiveCfg = Debug|iPhone
		{A8AAC635-9DB7-45B7-BA5E-BF3E7977D7F3}.Debug|Any CPU.Build.0 = Debug|iPhone
		{A8AAC635-9DB7-45B7-BA5E-BF3E7977D7F3}.Debug|Any CPU.Deploy.0 = Debug|iPhone
		{A8AAC635-9DB7-45B7-BA5E-BF3E7977D7F3}.Debug|ARM.ActiveCfg = Debug|iPhoneSimulator
		{A8AAC635-9DB7-45B7-BA5E-BF3E7977D7F3}.Debug|ARM.Build.0 = Debug|iPhoneSimulator
		{A8AAC635-9DB7-45B7-BA5E-BF3E7977D7F3}.Debug|ARM.Deploy.0 = Debug|iPhoneSimulator
		{A8AAC635-9DB7-45B7-BA5E-BF3E7977D7F3}.Debug|iPhone.ActiveCfg = Debug|iPhone
		{A8AAC635-9DB7-45B7-BA5E-BF3E7977D7F3}.Debug|iPhone.Build.0 = Debug|iPhone
		{A8AAC635-9DB7-45B7-BA5E-BF3E7977D7F3}.Debug|iPhone.Deploy.0 = Debug|iPhone
		{A8AAC635-9DB7-45B7-BA5E-BF3E7977D7F3}.Debug|iPhoneSimulator.ActiveCfg = Debug|iPhoneSimulator
		{A8AAC635-9DB7-45B7-BA5E-BF3E7977D7F3}.Debug|iPhoneSimulator.Build.0 = Debug|iPhoneSimulator
		{A8AAC635-9DB7-45B7-BA5E-BF3E7977D7F3}.Debug|iPhoneSimulator.Deploy.0 = Debug|iPhoneSimulator
		{A8AAC635-9DB7-45B7-BA5E-BF3E7977D7F3}.Debug|x64.ActiveCfg = Debug|iPhone
		{A8AAC635-9DB7-45B7-BA5E-BF3E7977D7F3}.Debug|x64.Build.0 = Debug|iPhone
		{A8AAC635-9DB7-45B7-BA5E-BF3E7977D7F3}.Debug|x64.Deploy.0 = Debug|iPhone
		{A8AAC635-9DB7-45B7-BA5E-BF3E7977D7F3}.Debug|x86.ActiveCfg = Debug|iPhone
		{A8AAC635-9DB7-45B7-BA5E-BF3E7977D7F3}.Debug|x86.Build.0 = Debug|iPhone
		{A8AAC635-9DB7-45B7-BA5E-BF3E7977D7F3}.Debug|x86.Deploy.0 = Debug|iPhone
		{A8AAC635-9DB7-45B7-BA5E-BF3E7977D7F3}.Release|Any CPU.ActiveCfg = Release|iPhone
		{A8AAC635-9DB7-45B7-BA5E-BF3E7977D7F3}.Release|Any CPU.Build.0 = Release|iPhone
		{A8AAC635-9DB7-45B7-BA5E-BF3E7977D7F3}.Release|Any CPU.Deploy.0 = Release|iPhone
		{A8AAC635-9DB7-45B7-BA5E-BF3E7977D7F3}.Release|ARM.ActiveCfg = Release|iPhone
		{A8AAC635-9DB7-45B7-BA5E-BF3E7977D7F3}.Release|ARM.Build.0 = Release|iPhone
		{A8AAC635-9DB7-45B7-BA5E-BF3E7977D7F3}.Release|ARM.Deploy.0 = Release|iPhone
		{A8AAC635-9DB7-45B7-BA5E-BF3E7977D7F3}.Release|iPhone.ActiveCfg = Release|iPhone
		{A8AAC635-9DB7-45B7-BA5E-BF3E7977D7F3}.Release|iPhone.Build.0 = Release|iPhone
		{A8AAC635-9DB7-45B7-BA5E-BF3E7977D7F3}.Release|iPhone.Deploy.0 = Release|iPhone
		{A8AAC635-9DB7-45B7-BA5E-BF3E7977D7F3}.Release|iPhoneSimulator.ActiveCfg = Release|iPhoneSimulator
		{A8AAC635-9DB7-45B7-BA5E-BF3E7977D7F3}.Release|iPhoneSimulator.Build.0 = Release|iPhoneSimulator
		{A8AAC635-9DB7-45B7-BA5E-BF3E7977D7F3}.Release|iPhoneSimulator.Deploy.0 = Release|iPhoneSimulator
		{A8AAC635-9DB7-45B7-BA5E-BF3E7977D7F3}.Release|x64.ActiveCfg = Release|iPhone
		{A8AAC635-9DB7-45B7-BA5E-BF3E7977D7F3}.Release|x64.Build.0 = Release|iPhone
		{A8AAC635-9DB7-45B7-BA5E-BF3E7977D7F3}.Release|x64.Deploy.0 = Release|iPhone
		{A8AAC635-9DB7-45B7-BA5E-BF3E7977D7F3}.Release|x86.ActiveCfg = Release|iPhone
		{A8AAC635-9DB7-45B7-BA5E-BF3E7977D7F3}.Release|x86.Build.0 = Release|iPhone
		{A8AAC635-9DB7-45B7-BA5E-BF3E7977D7F3}.Release|x86.Deploy.0 = Release|iPhone
		{0D92DCBB-7145-4B85-94D9-7FEB54032A53}.Debug|Any CPU.ActiveCfg = Debug|Any CPU
		{0D92DCBB-7145-4B85-94D9-7FEB54032A53}.Debug|Any CPU.Build.0 = Debug|Any CPU
		{0D92DCBB-7145-4B85-94D9-7FEB54032A53}.Debug|Any CPU.Deploy.0 = Debug|Any CPU
		{0D92DCBB-7145-4B85-94D9-7FEB54032A53}.Debug|ARM.ActiveCfg = Debug|Any CPU
		{0D92DCBB-7145-4B85-94D9-7FEB54032A53}.Debug|ARM.Build.0 = Debug|Any CPU
		{0D92DCBB-7145-4B85-94D9-7FEB54032A53}.Debug|ARM.Deploy.0 = Debug|Any CPU
		{0D92DCBB-7145-4B85-94D9-7FEB54032A53}.Debug|iPhone.ActiveCfg = Debug|Any CPU
		{0D92DCBB-7145-4B85-94D9-7FEB54032A53}.Debug|iPhone.Build.0 = Debug|Any CPU
		{0D92DCBB-7145-4B85-94D9-7FEB54032A53}.Debug|iPhone.Deploy.0 = Debug|Any CPU
		{0D92DCBB-7145-4B85-94D9-7FEB54032A53}.Debug|iPhoneSimulator.ActiveCfg = Debug|Any CPU
		{0D92DCBB-7145-4B85-94D9-7FEB54032A53}.Debug|iPhoneSimulator.Build.0 = Debug|Any CPU
		{0D92DCBB-7145-4B85-94D9-7FEB54032A53}.Debug|iPhoneSimulator.Deploy.0 = Debug|Any CPU
		{0D92DCBB-7145-4B85-94D9-7FEB54032A53}.Debug|x64.ActiveCfg = Debug|Any CPU
		{0D92DCBB-7145-4B85-94D9-7FEB54032A53}.Debug|x64.Build.0 = Debug|Any CPU
		{0D92DCBB-7145-4B85-94D9-7FEB54032A53}.Debug|x64.Deploy.0 = Debug|Any CPU
		{0D92DCBB-7145-4B85-94D9-7FEB54032A53}.Debug|x86.ActiveCfg = Debug|Any CPU
		{0D92DCBB-7145-4B85-94D9-7FEB54032A53}.Debug|x86.Build.0 = Debug|Any CPU
		{0D92DCBB-7145-4B85-94D9-7FEB54032A53}.Debug|x86.Deploy.0 = Debug|Any CPU
		{0D92DCBB-7145-4B85-94D9-7FEB54032A53}.Release|Any CPU.ActiveCfg = Release|Any CPU
		{0D92DCBB-7145-4B85-94D9-7FEB54032A53}.Release|Any CPU.Build.0 = Release|Any CPU
		{0D92DCBB-7145-4B85-94D9-7FEB54032A53}.Release|Any CPU.Deploy.0 = Release|Any CPU
		{0D92DCBB-7145-4B85-94D9-7FEB54032A53}.Release|ARM.ActiveCfg = Release|Any CPU
		{0D92DCBB-7145-4B85-94D9-7FEB54032A53}.Release|ARM.Build.0 = Release|Any CPU
		{0D92DCBB-7145-4B85-94D9-7FEB54032A53}.Release|ARM.Deploy.0 = Release|Any CPU
		{0D92DCBB-7145-4B85-94D9-7FEB54032A53}.Release|iPhone.ActiveCfg = Release|Any CPU
		{0D92DCBB-7145-4B85-94D9-7FEB54032A53}.Release|iPhone.Build.0 = Release|Any CPU
		{0D92DCBB-7145-4B85-94D9-7FEB54032A53}.Release|iPhone.Deploy.0 = Release|Any CPU
		{0D92DCBB-7145-4B85-94D9-7FEB54032A53}.Release|iPhoneSimulator.ActiveCfg = Release|Any CPU
		{0D92DCBB-7145-4B85-94D9-7FEB54032A53}.Release|iPhoneSimulator.Build.0 = Release|Any CPU
		{0D92DCBB-7145-4B85-94D9-7FEB54032A53}.Release|iPhoneSimulator.Deploy.0 = Release|Any CPU
		{0D92DCBB-7145-4B85-94D9-7FEB54032A53}.Release|x64.ActiveCfg = Release|Any CPU
		{0D92DCBB-7145-4B85-94D9-7FEB54032A53}.Release|x64.Build.0 = Release|Any CPU
		{0D92DCBB-7145-4B85-94D9-7FEB54032A53}.Release|x64.Deploy.0 = Release|Any CPU
		{0D92DCBB-7145-4B85-94D9-7FEB54032A53}.Release|x86.ActiveCfg = Release|Any CPU
		{0D92DCBB-7145-4B85-94D9-7FEB54032A53}.Release|x86.Build.0 = Release|Any CPU
		{0D92DCBB-7145-4B85-94D9-7FEB54032A53}.Release|x86.Deploy.0 = Release|Any CPU
	EndGlobalSection
	GlobalSection(SolutionProperties) = preSolution
		HideSolutionNode = FALSE
	EndGlobalSection
	GlobalSection(ExtensibilityGlobals) = postSolution
		SolutionGuid = {D96EF3C4-32CC-4055-B2C8-01C7A4F9D044}
	EndGlobalSection
EndGlobal
